// !$*UTF8*$!
{
	archiveVersion = 1;
	classes = {
	};
	objectVersion = 55;
	objects = {

/* Begin PBXBuildFile section */
		45897FEA27CB8633003FDEB6 /* TableViewController.m in Sources */ = {isa = PBXBuildFile; fileRef = 45897FE927CB8633003FDEB6 /* TableViewController.m */; };
		45897FED27CB8656003FDEB6 /* TableViewCell.m in Sources */ = {isa = PBXBuildFile; fileRef = 45897FEC27CB8656003FDEB6 /* TableViewCell.m */; };
		45897FEF27CB8FE1003FDEB6 /* Landmark.plist in Resources */ = {isa = PBXBuildFile; fileRef = 45897FEE27CB8FE1003FDEB6 /* Landmark.plist */; };
		45A0301927CB4E9700AB70CD /* AppDelegate.m in Sources */ = {isa = PBXBuildFile; fileRef = 45A0301827CB4E9700AB70CD /* AppDelegate.m */; };
		45A0301C27CB4E9700AB70CD /* SceneDelegate.m in Sources */ = {isa = PBXBuildFile; fileRef = 45A0301B27CB4E9700AB70CD /* SceneDelegate.m */; };
		45A0302227CB4E9700AB70CD /* Main.storyboard in Resources */ = {isa = PBXBuildFile; fileRef = 45A0302027CB4E9700AB70CD /* Main.storyboard */; };
		45A0302427CB4E9900AB70CD /* Assets.xcassets in Resources */ = {isa = PBXBuildFile; fileRef = 45A0302327CB4E9900AB70CD /* Assets.xcassets */; };
		45A0302727CB4E9900AB70CD /* LaunchScreen.storyboard in Resources */ = {isa = PBXBuildFile; fileRef = 45A0302527CB4E9900AB70CD /* LaunchScreen.storyboard */; };
		45A0302A27CB4E9900AB70CD /* main.m in Sources */ = {isa = PBXBuildFile; fileRef = 45A0302927CB4E9900AB70CD /* main.m */; };
/* End PBXBuildFile section */

/* Begin PBXFileReference section */
		45897FE827CB8633003FDEB6 /* TableViewController.h */ = {isa = PBXFileReference; lastKnownFileType = sourcecode.c.h; path = TableViewController.h; sourceTree = "<group>"; };
		45897FE927CB8633003FDEB6 /* TableViewController.m */ = {isa = PBXFileReference; lastKnownFileType = sourcecode.c.objc; path = TableViewController.m; sourceTree = "<group>"; };
		45897FEB27CB8656003FDEB6 /* TableViewCell.h */ = {isa = PBXFileReference; lastKnownFileType = sourcecode.c.h; path = TableViewCell.h; sourceTree = "<group>"; };
		45897FEC27CB8656003FDEB6 /* TableViewCell.m */ = {isa = PBXFileReference; lastKnownFileType = sourcecode.c.objc; path = TableViewCell.m; sourceTree = "<group>"; };
		45897FEE27CB8FE1003FDEB6 /* Landmark.plist */ = {isa = PBXFileReference; lastKnownFileType = text.plist.xml; path = Landmark.plist; sourceTree = "<group>"; };
		45A0301427CB4E9700AB70CD /* LondonApp.app */ = {isa = PBXFileReference; explicitFileType = wrapper.application; includeInIndex = 0; path = LondonApp.app; sourceTree = BUILT_PRODUCTS_DIR; };
		45A0301727CB4E9700AB70CD /* AppDelegate.h */ = {isa = PBXFileReference; lastKnownFileType = sourcecode.c.h; path = AppDelegate.h; sourceTree = "<group>"; };
		45A0301827CB4E9700AB70CD /* AppDelegate.m */ = {isa = PBXFileReference; lastKnownFileType = sourcecode.c.objc; path = AppDelegate.m; sourceTree = "<group>"; };
		45A0301A27CB4E9700AB70CD /* SceneDelegate.h */ = {isa = PBXFileReference; lastKnownFileType = sourcecode.c.h; path = SceneDelegate.h; sourceTree = "<group>"; };
		45A0301B27CB4E9700AB70CD /* SceneDelegate.m */ = {isa = PBXFileReference; lastKnownFileType = sourcecode.c.objc; path = SceneDelegate.m; sourceTree = "<group>"; };
		45A0302127CB4E9700AB70CD /* Base */ = {isa = PBXFileReference; lastKnownFileType = file.storyboard; name = Base; path = Base.lproj/Main.storyboard; sourceTree = "<group>"; };
		45A0302327CB4E9900AB70CD /* Assets.xcassets */ = {isa = PBXFileReference; lastKnownFileType = folder.assetcatalog; path = Assets.xcassets; sourceTree = "<group>"; };
		45A0302627CB4E9900AB70CD /* Base */ = {isa = PBXFileReference; lastKnownFileType = file.storyboard; name = Base; path = Base.lproj/LaunchScreen.storyboard; sourceTree = "<group>"; };
		45A0302827CB4E9900AB70CD /* Info.plist */ = {isa = PBXFileReference; lastKnownFileType = text.plist.xml; path = Info.plist; sourceTree = "<group>"; };
		45A0302927CB4E9900AB70CD /* main.m */ = {isa = PBXFileReference; lastKnownFileType = sourcecode.c.objc; path = main.m; sourceTree = "<group>"; };
/* End PBXFileReference section */

/* Begin PBXFrameworksBuildPhase section */
		45A0301127CB4E9700AB70CD /* Frameworks */ = {
			isa = PBXFrameworksBuildPhase;
			buildActionMask = 2147483647;
			files = (
			);
			runOnlyForDeploymentPostprocessing = 0;
		};
/* End PBXFrameworksBuildPhase section */

/* Begin PBXGroup section */
		45A0300B27CB4E9700AB70CD = {
			isa = PBXGroup;
			children = (
				45A0301627CB4E9700AB70CD /* LondonApp */,
				45A0301527CB4E9700AB70CD /* Products */,
			);
			sourceTree = "<group>";
		};
		45A0301527CB4E9700AB70CD /* Products */ = {
			isa = PBXGroup;
			children = (
				45A0301427CB4E9700AB70CD /* LondonApp.app */,
			);
			name = Products;
			sourceTree = "<group>";
		};
		45A0301627CB4E9700AB70CD /* LondonApp */ = {
			isa = PBXGroup;
			children = (
				45A0301727CB4E9700AB70CD /* AppDelegate.h */,
				45A0301827CB4E9700AB70CD /* AppDelegate.m */,
				45A0301A27CB4E9700AB70CD /* SceneDelegate.h */,
				45A0301B27CB4E9700AB70CD /* SceneDelegate.m */,
				45897FE827CB8633003FDEB6 /* TableViewController.h */,
				45897FE927CB8633003FDEB6 /* TableViewController.m */,
				45897FEB27CB8656003FDEB6 /* TableViewCell.h */,
				45897FEC27CB8656003FDEB6 /* TableViewCell.m */,
				45A0302027CB4E9700AB70CD /* Main.storyboard */,
				45897FEE27CB8FE1003FDEB6 /* Landmark.plist */,
				45A0302327CB4E9900AB70CD /* Assets.xcassets */,
				45A0302527CB4E9900AB70CD /* LaunchScreen.storyboard */,
				45A0302827CB4E9900AB70CD /* Info.plist */,
				45A0302927CB4E9900AB70CD /* main.m */,
			);
			path = LondonApp;
			sourceTree = "<group>";
		};
/* End PBXGroup section */

/* Begin PBXNativeTarget section */
		45A0301327CB4E9700AB70CD /* LondonApp */ = {
			isa = PBXNativeTarget;
			buildConfigurationList = 45A0302D27CB4E9900AB70CD /* Build configuration list for PBXNativeTarget "LondonApp" */;
			buildPhases = (
				45A0301027CB4E9700AB70CD /* Sources */,
				45A0301127CB4E9700AB70CD /* Frameworks */,
				45A0301227CB4E9700AB70CD /* Resources */,
			);
			buildRules = (
			);
			dependencies = (
			);
			name = LondonApp;
			productName = LondonApp;
			productReference = 45A0301427CB4E9700AB70CD /* LondonApp.app */;
			productType = "com.apple.product-type.application";
		};
/* End PBXNativeTarget section */

/* Begin PBXProject section */
		45A0300C27CB4E9700AB70CD /* Project object */ = {
			isa = PBXProject;
			attributes = {
				BuildIndependentTargetsInParallel = 1;
				LastUpgradeCheck = 1300;
				TargetAttributes = {
					45A0301327CB4E9700AB70CD = {
						CreatedOnToolsVersion = 13.0;
					};
				};
			};
			buildConfigurationList = 45A0300F27CB4E9700AB70CD /* Build configuration list for PBXProject "LondonApp" */;
			compatibilityVersion = "Xcode 13.0";
			developmentRegion = en;
			hasScannedForEncodings = 0;
			knownRegions = (
				en,
				Base,
			);
			mainGroup = 45A0300B27CB4E9700AB70CD;
			productRefGroup = 45A0301527CB4E9700AB70CD /* Products */;
			projectDirPath = "";
			projectRoot = "";
			targets = (
				45A0301327CB4E9700AB70CD /* LondonApp */,
			);
		};
/* End PBXProject section */

/* Begin PBXResourcesBuildPhase section */
		45A0301227CB4E9700AB70CD /* Resources */ = {
			isa = PBXResourcesBuildPhase;
			buildActionMask = 2147483647;
			files = (
				45A0302727CB4E9900AB70CD /* LaunchScreen.storyboard in Resources */,
				45A0302427CB4E9900AB70CD /* Assets.xcassets in Resources */,
				45897FEF27CB8FE1003FDEB6 /* Landmark.plist in Resources */,
				45A0302227CB4E9700AB70CD /* Main.storyboard in Resources */,
			);
			runOnlyForDeploymentPostprocessing = 0;
		};
/* End PBXResourcesBuildPhase section */

/* Begin PBXSourcesBuildPhase section */
		45A0301027CB4E9700AB70CD /* Sources */ = {
			isa = PBXSourcesBuildPhase;
			buildActionMask = 2147483647;
			files = (
				45A0301927CB4E9700AB70CD /* AppDelegate.m in Sources */,
				45A0302A27CB4E9900AB70CD /* main.m in Sources */,
				45A0301C27CB4E9700AB70CD /* SceneDelegate.m in Sources */,
				45897FED27CB8656003FDEB6 /* TableViewCell.m in Sources */,
				45897FEA27CB8633003FDEB6 /* TableViewController.m in Sources */,
			);
			runOnlyForDeploymentPostprocessing = 0;
		};
/* End PBXSourcesBuildPhase section */

/* Begin PBXVariantGroup section */
		45A0302027CB4E9700AB70CD /* Main.storyboard */ = {
			isa = PBXVariantGroup;
			children = (
				45A0302127CB4E9700AB70CD /* Base */,
			);
			name = Main.storyboard;
			sourceTree = "<group>";
		};
		45A0302527CB4E9900AB70CD /* LaunchScreen.storyboard */ = {
			isa = PBXVariantGroup;
			children = (
				45A0302627CB4E9900AB70CD /* Base */,
			);
			name = LaunchScreen.storyboard;
			sourceTree = "<group>";
		};
/* End PBXVariantGroup section */

/* Begin XCBuildConfiguration section */
		45A0302B27CB4E9900AB70CD /* Debug */ = {
			isa = XCBuildConfiguration;
			buildSettings = {
				ALWAYS_SEARCH_USER_PATHS = NO;
				CLANG_ANALYZER_NONNULL = YES;
				CLANG_ANALYZER_NUMBER_OBJECT_CONVERSION = YES_AGGRESSIVE;
				CLANG_CXX_LANGUAGE_STANDARD = "gnu++17";
				CLANG_CXX_LIBRARY = "libc++";
				CLANG_ENABLE_MODULES = YES;
				CLANG_ENABLE_OBJC_ARC = YES;
				CLANG_ENABLE_OBJC_WEAK = YES;
				CLANG_WARN_BLOCK_CAPTURE_AUTORELEASING = YES;
				CLANG_WARN_BOOL_CONVERSION = YES;
				CLANG_WARN_COMMA = YES;
				CLANG_WARN_CONSTANT_CONVERSION = YES;
				CLANG_WARN_DEPRECATED_OBJC_IMPLEMENTATIONS = YES;
				CLANG_WARN_DIRECT_OBJC_ISA_USAGE = YES_ERROR;
				CLANG_WARN_DOCUMENTATION_COMMENTS = YES;
				CLANG_WARN_EMPTY_BODY = YES;
				CLANG_WARN_ENUM_CONVERSION = YES;
				CLANG_WARN_INFINITE_RECURSION = YES;
				CLANG_WARN_INT_CONVERSION = YES;
				CLANG_WARN_NON_LITERAL_NULL_CONVERSION = YES;
				CLANG_WARN_OBJC_IMPLICIT_RETAIN_SELF = YES;
				CLANG_WARN_OBJC_LITERAL_CONVERSION = YES;
				CLANG_WARN_OBJC_ROOT_CLASS = YES_ERROR;
				CLANG_WARN_QUOTED_INCLUDE_IN_FRAMEWORK_HEADER = YES;
				CLANG_WARN_RANGE_LOOP_ANALYSIS = YES;
				CLANG_WARN_STRICT_PROTOTYPES = YES;
				CLANG_WARN_SUSPICIOUS_MOVE = YES;
				CLANG_WARN_UNGUARDED_AVAILABILITY = YES_AGGRESSIVE;
				CLANG_WARN_UNREACHABLE_CODE = YES;
				CLANG_WARN__DUPLICATE_METHOD_MATCH = YES;
				COPY_PHASE_STRIP = NO;
				DEBUG_INFORMATION_FORMAT = dwarf;
				ENABLE_STRICT_OBJC_MSGSEND = YES;
				ENABLE_TESTABILITY = YES;
				GCC_C_LANGUAGE_STANDARD = gnu11;
				GCC_DYNAMIC_NO_PIC = NO;
				GCC_NO_COMMON_BLOCKS = YES;
				GCC_OPTIMIZATION_LEVEL = 0;
				GCC_PREPROCESSOR_DEFINITIONS = (
					"DEBUG=1",
					"$(inherited)",
				);
				GCC_WARN_64_TO_32_BIT_CONVERSION = YES;
				GCC_WARN_ABOUT_RETURN_TYPE = YES_ERROR;
				GCC_WARN_UNDECLARED_SELECTOR = YES;
				GCC_WARN_UNINITIALIZED_AUTOS = YES_AGGRESSIVE;
				GCC_WARN_UNUSED_FUNCTION = YES;
				GCC_WARN_UNUSED_VARIABLE = YES;
				IPHONEOS_DEPLOYMENT_TARGET = 15.0;
				MTL_ENABLE_DEBUG_INFO = INCLUDE_SOURCE;
				MTL_FAST_MATH = YES;
				ONLY_ACTIVE_ARCH = YES;
				SDKROOT = iphoneos;
			};
			name = Debug;
		};
		45A0302C27CB4E9900AB70CD /* Release */ = {
			isa = XCBuildConfiguration;
			buildSettings = {
				ALWAYS_SEARCH_USER_PATHS = NO;
				CLANG_ANALYZER_NONNULL = YES;
				CLANG_ANALYZER_NUMBER_OBJECT_CONVERSION = YES_AGGRESSIVE;
				CLANG_CXX_LANGUAGE_STANDARD = "gnu++17";
				CLANG_CXX_LIBRARY = "libc++";
				CLANG_ENABLE_MODULES = YES;
				CLANG_ENABLE_OBJC_ARC = YES;
				CLANG_ENABLE_OBJC_WEAK = YES;
				CLANG_WARN_BLOCK_CAPTURE_AUTORELEASING = YES;
				CLANG_WARN_BOOL_CONVERSION = YES;
				CLANG_WARN_COMMA = YES;
				CLANG_WARN_CONSTANT_CONVERSION = YES;
				CLANG_WARN_DEPRECATED_OBJC_IMPLEMENTATIONS = YES;
				CLANG_WARN_DIRECT_OBJC_ISA_USAGE = YES_ERROR;
				CLANG_WARN_DOCUMENTATION_COMMENTS = YES;
				CLANG_WARN_EMPTY_BODY = YES;
				CLANG_WARN_ENUM_CONVERSION = YES;
				CLANG_WARN_INFINITE_RECURSION = YES;
				CLANG_WARN_INT_CONVERSION = YES;
				CLANG_WARN_NON_LITERAL_NULL_CONVERSION = YES;
				CLANG_WARN_OBJC_IMPLICIT_RETAIN_SELF = YES;
				CLANG_WARN_OBJC_LITERAL_CONVERSION = YES;
				CLANG_WARN_OBJC_ROOT_CLASS = YES_ERROR;
				CLANG_WARN_QUOTED_INCLUDE_IN_FRAMEWORK_HEADER = YES;
				CLANG_WARN_RANGE_LOOP_ANALYSIS = YES;
				CLANG_WARN_STRICT_PROTOTYPES = YES;
				CLANG_WARN_SUSPICIOUS_MOVE = YES;
				CLANG_WARN_UNGUARDED_AVAILABILITY = YES_AGGRESSIVE;
				CLANG_WARN_UNREACHABLE_CODE = YES;
				CLANG_WARN__DUPLICATE_METHOD_MATCH = YES;
				COPY_PHASE_STRIP = NO;
				DEBUG_INFORMATION_FORMAT = "dwarf-with-dsym";
				ENABLE_NS_ASSERTIONS = NO;
				ENABLE_STRICT_OBJC_MSGSEND = YES;
				GCC_C_LANGUAGE_STANDARD = gnu11;
				GCC_NO_COMMON_BLOCKS = YES;
				GCC_WARN_64_TO_32_BIT_CONVERSION = YES;
				GCC_WARN_ABOUT_RETURN_TYPE = YES_ERROR;
				GCC_WARN_UNDECLARED_SELECTOR = YES;
				GCC_WARN_UNINITIALIZED_AUTOS = YES_AGGRESSIVE;
				GCC_WARN_UNUSED_FUNCTION = YES;
				GCC_WARN_UNUSED_VARIABLE = YES;
				IPHONEOS_DEPLOYMENT_TARGET = 15.0;
				MTL_ENABLE_DEBUG_INFO = NO;
				MTL_FAST_MATH = YES;
				SDKROOT = iphoneos;
				VALIDATE_PRODUCT = YES;
			};
			name = Release;
		};
		45A0302E27CB4E9900AB70CD /* Debug */ = {
			isa = XCBuildConfiguration;
			buildSettings = {
				ASSETCATALOG_COMPILER_APPICON_NAME = AppIcon;
				ASSETCATALOG_COMPILER_GLOBAL_ACCENT_COLOR_NAME = AccentColor;
				CODE_SIGN_STYLE = Automatic;
				CURRENT_PROJECT_VERSION = 1;
				GENERATE_INFOPLIST_FILE = YES;
				INFOPLIST_FILE = LondonApp/Info.plist;
				INFOPLIST_KEY_UIApplicationSupportsIndirectInputEvents = YES;
				INFOPLIST_KEY_UILaunchStoryboardName = LaunchScreen;
				INFOPLIST_KEY_UIMainStoryboardFile = Main;
				INFOPLIST_KEY_UISupportedInterfaceOrientations_iPad = "UIInterfaceOrientationPortrait UIInterfaceOrientationPortraitUpsideDown UIInterfaceOrientationLandscapeLeft UIInterfaceOrientationLandscapeRight";
				INFOPLIST_KEY_UISupportedInterfaceOrientations_iPhone = "UIInterfaceOrientationPortrait UIInterfaceOrientationLandscapeLeft UIInterfaceOrientationLandscapeRight";
				IPHONEOS_DEPLOYMENT_TARGET = 13.0;
				LD_RUNPATH_SEARCH_PATHS = (
					"$(inherited)",
					"@executable_path/Frameworks",
				);
				MARKETING_VERSION = 1.0;
				PRODUCT_BUNDLE_IDENTIFIER = com.borisbolsh.LondonApp;
				PRODUCT_NAME = "$(TARGET_NAME)";
				SWIFT_EMIT_LOC_STRINGS = YES;
				TARGETED_DEVICE_FAMILY = 1;
			};
			name = Debug;
		};
		45A0302F27CB4E9900AB70CD /* Release */ = {
			isa = XCBuildConfiguration;
			buildSettings = {
				ASSETCATALOG_COMPILER_APPICON_NAME = AppIcon;
				ASSETCATALOG_COMPILER_GLOBAL_ACCENT_COLOR_NAME = AccentColor;
				CODE_SIGN_STYLE = Automatic;
				CURRENT_PROJECT_VERSION = 1;
				GENERATE_INFOPLIST_FILE = YES;
				INFOPLIST_FILE = LondonApp/Info.plist;
				INFOPLIST_KEY_UIApplicationSupportsIndirectInputEvents = YES;
				INFOPLIST_KEY_UILaunchStoryboardName = LaunchScreen;
				INFOPLIST_KEY_UIMainStoryboardFile = Main;
				INFOPLIST_KEY_UISupportedInterfaceOrientations_iPad = "UIInterfaceOrientationPortrait UIInterfaceOrientationPortraitUpsideDown UIInterfaceOrientationLandscapeLeft UIInterfaceOrientationLandscapeRight";
				INFOPLIST_KEY_UISupportedInterfaceOrientations_iPhone = "UIInterfaceOrientationPortrait UIInterfaceOrientationLandscapeLeft UIInterfaceOrientationLandscapeRight";
				IPHONEOS_DEPLOYMENT_TARGET = 13.0;
				LD_RUNPATH_SEARCH_PATHS = (
					"$(inherited)",
					"@executable_path/Frameworks",
				);
				MARKETING_VERSION = 1.0;
				PRODUCT_BUNDLE_IDENTIFIER = com.borisbolsh.LondonApp;
				PRODUCT_NAME = "$(TARGET_NAME)";
				SWIFT_EMIT_LOC_STRINGS = YES;
				TARGETED_DEVICE_FAMILY = 1;
			};
			name = Release;
		};
/* End XCBuildConfiguration section */

/* Begin XCConfigurationList section */
		45A0300F27CB4E9700AB70CD /* Build configuration list for PBXProject "LondonApp" */ = {
			isa = XCConfigurationList;
			buildConfigurations = (
				45A0302B27CB4E9900AB70CD /* Debug */,
				45A0302C27CB4E9900AB70CD /* Release */,
			);
			defaultConfigurationIsVisible = 0;
			defaultConfigurationName = Release;
		};
		45A0302D27CB4E9900AB70CD /* Build configuration list for PBXNativeTarget "LondonApp" */ = {
			isa = XCConfigurationList;
			buildConfigurations = (
				45A0302E27CB4E9900AB70CD /* Debug */,
				45A0302F27CB4E9900AB70CD /* Release */,
			);
			defaultConfigurationIsVisible = 0;
			defaultConfigurationName = Release;
		};
/* End XCConfigurationList section */
	};
	rootObject = 45A0300C27CB4E9700AB70CD /* Project object */;
}
